Microsoft Visual Studio Solution File, Format Version 12.00
# Visual Studio 2012
Project("{FAE04EC0-301F-11D3-BF4B-00C04F79EFBC}") = "T-Rex Game", "T-Rex Game.csproj", "{F5643847-4E02-45FA-800C-CBE06C7F1190}"
EndProject
Global
	GlobalSection(SolutionConfigurationPlatforms) = preSolution
	Debug|Any CPU = Debug|Any CPU
	ExportDebug|Any CPU = ExportDebug|Any CPU
	ExportRelease|Any CPU = ExportRelease|Any CPU
	EndGlobalSection
	GlobalSection(ProjectConfigurationPlatforms) = postSolution
		{F5643847-4E02-45FA-800C-CBE06C7F1190}.Debug|Any CPU.ActiveCfg = Debug|Any CPU
		{F5643847-4E02-45FA-800C-CBE06C7F1190}.Debug|Any CPU.Build.0 = Debug|Any CPU
		{F5643847-4E02-45FA-800C-CBE06C7F1190}.ExportDebug|Any CPU.ActiveCfg = ExportDebug|Any CPU
		{F5643847-4E02-45FA-800C-CBE06C7F1190}.ExportDebug|Any CPU.Build.0 = ExportDebug|Any CPU
		{F5643847-4E02-45FA-800C-CBE06C7F1190}.ExportRelease|Any CPU.ActiveCfg = ExportRelease|Any CPU
		{F5643847-4E02-45FA-800C-CBE06C7F1190}.ExportRelease|Any CPU.Build.0 = ExportRelease|Any CPU
	EndGlobalSection
EndGlobal
